<?xml version="1.0" encoding="utf-8"?>
<Project ToolsVersion="4.0" xmlns="http://schemas.microsoft.com/developer/msbuild/2003">
  <ItemGroup>
    <Filter Include="Source Files">
      <UniqueIdentifier>{4FC737F1-C7A5-4376-A066-2A32D752A2FF}</UniqueIdentifier>
      <Extensions>cpp;c;cc;cxx;def;odl;idl;hpj;bat;asm;asmx</Extensions>
    </Filter>
    <Filter Include="Header Files">
      <UniqueIdentifier>{93995380-89BD-4b04-88EB-625FBE52EBFB}</UniqueIdentifier>
      <Extensions>h;hh;hpp;hxx;hm;inl;inc;xsd</Extensions>
    </Filter>
    <Filter Include="Resource Files">
      <UniqueIdentifier>{67DA6AB6-F800-4c08-8B7A-83BB121AAD01}</UniqueIdentifier>
      <Extensions>rc;ico;cur;bmp;dlg;rc2;rct;bin;rgs;gif;jpg;jpeg;jpe;resx;tiff;tif;png;wav;mfcribbon-ms</Extensions>
    </Filter>
    <Filter Include="Source Files\utils">
      <UniqueIdentifier>{04e8c31c-9b15-4dae-9284-01cbd5fa5f0e}</UniqueIdentifier>
    </Filter>
    <Filter Include="tests">
      <UniqueIdentifier>{377377f6-bec7-4c1c-afc3-a8f787de607d}</UniqueIdentifier>
    </Filter>
  </ItemGroup>
  <ItemGroup>
    <ClInclude Include="src\Alphabet.h">
      <Filter>Source Files</Filter>
    </ClInclude>
    <ClInclude Include="src\AsciiAlphabet.h">
      <Filter>Source Files</Filter>
    </ClInclude>
    <ClInclude Include="src\FSM.h">
      <Filter>Source Files</Filter>
    </ClInclude>
    <ClInclude Include="src\NFA.h">
      <Filter>Source Files</Filter>
    </ClInclude>
    <ClInclude Include="src\RegexNode.h">
      <Filter>Source Files</Filter>
    </ClInclude>
    <ClInclude Include="src\RegexParser.h">
      <Filter>Source Files</Filter>
    </ClInclude>
    <ClInclude Include="src\State.h">
      <Filter>Source Files</Filter>
    </ClInclude>
    <ClInclude Include="src\utils\bitset.h">
      <Filter>Source Files\utils</Filter>
    </ClInclude>
    <ClInclude Include="src\RegexMatcher.h">
      <Filter>Source Files</Filter>
    </ClInclude>
    <ClInclude Include="src\DFA.h">
      <Filter>Source Files</Filter>
    </ClInclude>
  </ItemGroup>
  <ItemGroup>
    <ClCompile Include="src\AsciiAlphabet.cpp">
      <Filter>Source Files</Filter>
    </ClCompile>
    <ClCompile Include="src\FSM.cpp">
      <Filter>Source Files</Filter>
    </ClCompile>
    <ClCompile Include="src\NFA.cpp">
      <Filter>Source Files</Filter>
    </ClCompile>
    <ClCompile Include="src\RegexParser.cpp">
      <Filter>Source Files</Filter>
    </ClCompile>
    <ClCompile Include="src\RegexMatcher.cpp">
      <Filter>Source Files</Filter>
    </ClCompile>
    <ClCompile Include="src\DFA.cpp">
      <Filter>Source Files</Filter>
    </ClCompile>
    <ClCompile Include="tests\main.cpp">
      <Filter>tests</Filter>
    </ClCompile>
  </ItemGroup>
</Project>