<?xml version="1.0" encoding="utf-8"?>
<Project ToolsVersion="4.0" xmlns="http://schemas.microsoft.com/developer/msbuild/2003">
  <ItemGroup>
    <Text Include="ReadMe.txt" />
  </ItemGroup>
  <ItemGroup>
    <Filter Include="src">
      <UniqueIdentifier>{adc31693-6021-4058-96b0-f1a92b9eb981}</UniqueIdentifier>
    </Filter>
    <Filter Include="include">
      <UniqueIdentifier>{9961f88e-08f7-4683-a6f6-136fc96a15cb}</UniqueIdentifier>
    </Filter>
    <Filter Include="include\utils">
      <UniqueIdentifier>{ed83c8d8-45c6-44c0-849f-1f107f20651d}</UniqueIdentifier>
    </Filter>
    <Filter Include="tests">
      <UniqueIdentifier>{54eb9823-97a0-4c3c-b6ff-ad0a28e94690}</UniqueIdentifier>
    </Filter>
  </ItemGroup>
  <ItemGroup>
    <ClCompile Include="..\..\..\src\AsciiAlphabet.cpp">
      <Filter>src</Filter>
    </ClCompile>
    <ClCompile Include="..\..\..\src\DFA.cpp">
      <Filter>src</Filter>
    </ClCompile>
    <ClCompile Include="..\..\..\src\FSM.cpp">
      <Filter>src</Filter>
    </ClCompile>
    <ClCompile Include="..\..\..\src\NFA.cpp">
      <Filter>src</Filter>
    </ClCompile>
    <ClCompile Include="..\..\..\src\RegexMatcher.cpp">
      <Filter>src</Filter>
    </ClCompile>
    <ClCompile Include="..\..\..\src\RegexParser.cpp">
      <Filter>src</Filter>
    </ClCompile>
    <ClCompile Include="..\..\..\tests\main.cpp">
      <Filter>tests</Filter>
    </ClCompile>
  </ItemGroup>
  <ItemGroup>
    <ClInclude Include="..\..\..\include\Alphabet.h">
      <Filter>include</Filter>
    </ClInclude>
    <ClInclude Include="..\..\..\include\AsciiAlphabet.h">
      <Filter>include</Filter>
    </ClInclude>
    <ClInclude Include="..\..\..\include\DFA.h">
      <Filter>include</Filter>
    </ClInclude>
    <ClInclude Include="..\..\..\include\FSM.h">
      <Filter>include</Filter>
    </ClInclude>
    <ClInclude Include="..\..\..\include\NFA.h">
      <Filter>include</Filter>
    </ClInclude>
    <ClInclude Include="..\..\..\include\RegexMatcher.h">
      <Filter>include</Filter>
    </ClInclude>
    <ClInclude Include="..\..\..\include\RegexNode.h">
      <Filter>include</Filter>
    </ClInclude>
    <ClInclude Include="..\..\..\include\RegexParser.h">
      <Filter>include</Filter>
    </ClInclude>
    <ClInclude Include="..\..\..\include\State.h">
      <Filter>include</Filter>
    </ClInclude>
    <ClInclude Include="..\..\..\include\utils\bitset.h">
      <Filter>include\utils</Filter>
    </ClInclude>
  </ItemGroup>
</Project>